
Microsoft Visual Studio Solution File, Format Version 11.00
# Visual Studio 2010
Project("{FAE04EC0-301F-11D3-BF4B-00C04F79EFBC}") = "WinForms", "WinForms\WinForms.csproj", "{4D58C248-BFB1-4439-A0E6-1F2C56E8E108}"
EndProject
Project("{FAE04EC0-301F-11D3-BF4B-00C04F79EFBC}") = "WPF", "WPF\WPF.csproj", "{BDDC8680-66C4-48F8-A678-EA821FAE40FE}"
EndProject
Global
	GlobalSection(SolutionConfigurationPlatforms) = preSolution
		Debug|Any CPU = Debug|Any CPU
		Debug|Mixed Platforms = Debug|Mixed Platforms
		Debug|x86 = Debug|x86
		Release|Any CPU = Release|Any CPU
		Release|Mixed Platforms = Release|Mixed Platforms
		Release|x86 = Release|x86
	EndGlobalSection
	GlobalSection(ProjectConfigurationPlatforms) = postSolution
		{4D58C248-BFB1-4439-A0E6-1F2C56E8E108}.Debug|Any CPU.ActiveCfg = Debug|Any CPU
		{4D58C248-BFB1-4439-A0E6-1F2C56E8E108}.Debug|Any CPU.Build.0 = Debug|Any CPU
		{4D58C248-BFB1-4439-A0E6-1F2C56E8E108}.Debug|Mixed Platforms.ActiveCfg = Debug|Any CPU
		{4D58C248-BFB1-4439-A0E6-1F2C56E8E108}.Debug|Mixed Platforms.Build.0 = Debug|Any CPU
		{4D58C248-BFB1-4439-A0E6-1F2C56E8E108}.Debug|x86.ActiveCfg = Debug|Any CPU
		{4D58C248-BFB1-4439-A0E6-1F2C56E8E108}.Release|Any CPU.ActiveCfg = Release|Any CPU
		{4D58C248-BFB1-4439-A0E6-1F2C56E8E108}.Release|Any CPU.Build.0 = Release|Any CPU
		{4D58C248-BFB1-4439-A0E6-1F2C56E8E108}.Release|Mixed Platforms.ActiveCfg = Release|Any CPU
		{4D58C248-BFB1-4439-A0E6-1F2C56E8E108}.Release|Mixed Platforms.Build.0 = Release|Any CPU
		{4D58C248-BFB1-4439-A0E6-1F2C56E8E108}.Release|x86.ActiveCfg = Release|Any CPU
		{BDDC8680-66C4-48F8-A678-EA821FAE40FE}.Debug|Any CPU.ActiveCfg = Debug|Any CPU
		{BDDC8680-66C4-48F8-A678-EA821FAE40FE}.Debug|Any CPU.Build.0 = Debug|Any CPU
		{BDDC8680-66C4-48F8-A678-EA821FAE40FE}.Debug|Mixed Platforms.ActiveCfg = Debug|x86
		{BDDC8680-66C4-48F8-A678-EA821FAE40FE}.Debug|Mixed Platforms.Build.0 = Debug|x86
		{BDDC8680-66C4-48F8-A678-EA821FAE40FE}.Debug|x86.ActiveCfg = Debug|Any CPU
		{BDDC8680-66C4-48F8-A678-EA821FAE40FE}.Debug|x86.Build.0 = Debug|Any CPU
		{BDDC8680-66C4-48F8-A678-EA821FAE40FE}.Release|Any CPU.ActiveCfg = Release|x86
		{BDDC8680-66C4-48F8-A678-EA821FAE40FE}.Release|Mixed Platforms.ActiveCfg = Release|x86
		{BDDC8680-66C4-48F8-A678-EA821FAE40FE}.Release|Mixed Platforms.Build.0 = Release|x86
		{BDDC8680-66C4-48F8-A678-EA821FAE40FE}.Release|x86.ActiveCfg = Release|x86
		{BDDC8680-66C4-48F8-A678-EA821FAE40FE}.Release|x86.Build.0 = Release|x86
	EndGlobalSection
	GlobalSection(SolutionProperties) = preSolution
		HideSolutionNode = FALSE
	EndGlobalSection
	GlobalSection(SubversionScc) = preSolution
		Svn-Managed = True
		Manager = AnkhSVN - Subversion Support for Visual Studio
	EndGlobalSection
EndGlobal
