
Microsoft Visual Studio Solution File, Format Version 10.00
# Visual Studio 2008
Project("{FAE04EC0-301F-11D3-BF4B-00C04F79EFBC}") = "WindowCapture", "WindowCapture\WindowCapture.csproj", "{B6C38691-A749-42E0-B915-E8913E582AE2}"
EndProject
Global
	GlobalSection(SolutionConfigurationPlatforms) = preSolution
		Debug|Any CPU = Debug|Any CPU
		Release|Any CPU = Release|Any CPU
	EndGlobalSection
	GlobalSection(ProjectConfigurationPlatforms) = postSolution
		{B6C38691-A749-42E0-B915-E8913E582AE2}.Debug|Any CPU.ActiveCfg = Debug|Any CPU
		{B6C38691-A749-42E0-B915-E8913E582AE2}.Debug|Any CPU.Build.0 = Debug|Any CPU
		{B6C38691-A749-42E0-B915-E8913E582AE2}.Release|Any CPU.ActiveCfg = Release|Any CPU
		{B6C38691-A749-42E0-B915-E8913E582AE2}.Release|Any CPU.Build.0 = Release|Any CPU
	EndGlobalSection
	GlobalSection(SolutionProperties) = preSolution
		HideSolutionNode = FALSE
	EndGlobalSection
EndGlobal
